<?xml version="1.0" encoding="utf-8"?>
<Project ToolsVersion="4.0" xmlns="http://schemas.microsoft.com/developer/msbuild/2003">
  <ItemGroup>
    <Filter Include="大话基本代码">
      <UniqueIdentifier>{a0f7e94d-a2f0-4fde-8f8f-639a73cbc27a}</UniqueIdentifier>
    </Filter>
    <Filter Include="大话基本代码\抽象类">
      <UniqueIdentifier>{7438d0e1-594d-4548-8275-f7021a797107}</UniqueIdentifier>
    </Filter>
    <Filter Include="大话基本代码\具体类">
      <UniqueIdentifier>{b0b47038-47d4-4067-81a1-2db22e81831b}</UniqueIdentifier>
    </Filter>
    <Filter Include="大话基本代码\消费类">
      <UniqueIdentifier>{d75024e1-ced0-4100-860a-495f1641c069}</UniqueIdentifier>
    </Filter>
  </ItemGroup>
  <ItemGroup>
    <ClCompile Include="简单工厂模式.cpp">
      <Filter>大话基本代码\消费类</Filter>
    </ClCompile>
    <ClCompile Include="Operation.cpp">
      <Filter>大话基本代码\抽象类</Filter>
    </ClCompile>
    <ClCompile Include="Operationfactory.cpp">
      <Filter>大话基本代码\抽象类</Filter>
    </ClCompile>
    <ClCompile Include="OperationAdd.cpp">
      <Filter>大话基本代码\具体类</Filter>
    </ClCompile>
    <ClCompile Include="OperationSub.cpp">
      <Filter>大话基本代码\具体类</Filter>
    </ClCompile>
  </ItemGroup>
  <ItemGroup>
    <ClInclude Include="Operation.h">
      <Filter>大话基本代码\抽象类</Filter>
    </ClInclude>
    <ClInclude Include="Operationfactory.h">
      <Filter>大话基本代码\抽象类</Filter>
    </ClInclude>
    <ClInclude Include="OperationAdd.h">
      <Filter>大话基本代码\具体类</Filter>
    </ClInclude>
    <ClInclude Include="OperationSub.h">
      <Filter>大话基本代码\具体类</Filter>
    </ClInclude>
  </ItemGroup>
</Project>